
Microsoft Visual Studio Solution File, Format Version 12.00
# Visual Studio Version 17
VisualStudioVersion = 17.9.34728.123
MinimumVisualStudioVersion = 10.0.40219.1
Project("{9A19103F-16F7-4668-BE54-9A1E7A4F7556}") = "Entities", "Entities\Entities.csproj", "{43EA91C9-D8BF-499B-B412-1787306601AA}"
EndProject
Project("{9A19103F-16F7-4668-BE54-9A1E7A4F7556}") = "Core", "Core\Core.csproj", "{B4269511-07D8-4BE2-AFC3-247020CA6482}"
EndProject
Project("{9A19103F-16F7-4668-BE54-9A1E7A4F7556}") = "DataAccess", "DataAccess\DataAccess.csproj", "{A69D6614-2829-46B7-AE01-42EC4E2C959C}"
EndProject
Project("{9A19103F-16F7-4668-BE54-9A1E7A4F7556}") = "Business", "Business\Business.csproj", "{91FCFDFC-A02B-4807-A808-732E29D2612F}"
EndProject
Project("{FAE04EC0-301F-11D3-BF4B-00C04F79EFBC}") = "WebApi", "WebApi\WebApi.csproj", "{54A7C0F0-7538-42F0-A644-C3CD9B60E7B6}"
EndProject
Global
	GlobalSection(SolutionConfigurationPlatforms) = preSolution
		Debug|Any CPU = Debug|Any CPU
		Release|Any CPU = Release|Any CPU
	EndGlobalSection
	GlobalSection(ProjectConfigurationPlatforms) = postSolution
		{43EA91C9-D8BF-499B-B412-1787306601AA}.Debug|Any CPU.ActiveCfg = Debug|Any CPU
		{43EA91C9-D8BF-499B-B412-1787306601AA}.Debug|Any CPU.Build.0 = Debug|Any CPU
		{43EA91C9-D8BF-499B-B412-1787306601AA}.Release|Any CPU.ActiveCfg = Release|Any CPU
		{43EA91C9-D8BF-499B-B412-1787306601AA}.Release|Any CPU.Build.0 = Release|Any CPU
		{B4269511-07D8-4BE2-AFC3-247020CA6482}.Debug|Any CPU.ActiveCfg = Debug|Any CPU
		{B4269511-07D8-4BE2-AFC3-247020CA6482}.Debug|Any CPU.Build.0 = Debug|Any CPU
		{B4269511-07D8-4BE2-AFC3-247020CA6482}.Release|Any CPU.ActiveCfg = Release|Any CPU
		{B4269511-07D8-4BE2-AFC3-247020CA6482}.Release|Any CPU.Build.0 = Release|Any CPU
		{A69D6614-2829-46B7-AE01-42EC4E2C959C}.Debug|Any CPU.ActiveCfg = Debug|Any CPU
		{A69D6614-2829-46B7-AE01-42EC4E2C959C}.Debug|Any CPU.Build.0 = Debug|Any CPU
		{A69D6614-2829-46B7-AE01-42EC4E2C959C}.Release|Any CPU.ActiveCfg = Release|Any CPU
		{A69D6614-2829-46B7-AE01-42EC4E2C959C}.Release|Any CPU.Build.0 = Release|Any CPU
		{91FCFDFC-A02B-4807-A808-732E29D2612F}.Debug|Any CPU.ActiveCfg = Debug|Any CPU
		{91FCFDFC-A02B-4807-A808-732E29D2612F}.Debug|Any CPU.Build.0 = Debug|Any CPU
		{91FCFDFC-A02B-4807-A808-732E29D2612F}.Release|Any CPU.ActiveCfg = Release|Any CPU
		{91FCFDFC-A02B-4807-A808-732E29D2612F}.Release|Any CPU.Build.0 = Release|Any CPU
		{54A7C0F0-7538-42F0-A644-C3CD9B60E7B6}.Debug|Any CPU.ActiveCfg = Debug|Any CPU
		{54A7C0F0-7538-42F0-A644-C3CD9B60E7B6}.Debug|Any CPU.Build.0 = Debug|Any CPU
		{54A7C0F0-7538-42F0-A644-C3CD9B60E7B6}.Release|Any CPU.ActiveCfg = Release|Any CPU
		{54A7C0F0-7538-42F0-A644-C3CD9B60E7B6}.Release|Any CPU.Build.0 = Release|Any CPU
	EndGlobalSection
	GlobalSection(SolutionProperties) = preSolution
		HideSolutionNode = FALSE
	EndGlobalSection
	GlobalSection(ExtensibilityGlobals) = postSolution
		SolutionGuid = {EEAAFD6E-374C-4F66-9332-FF9279F8A14B}
	EndGlobalSection
EndGlobal
